// !$*UTF8*$!
{
	archiveVersion = 1;
	classes = {
	};
	objectVersion = 56;
	objects = {

/* Begin PBXBuildFile section */
		E24B986D2AF6E1E1005E451D /* To_Do_Model.swift in Sources */ = {isa = PBXBuildFile; fileRef = E24B986C2AF6E1E1005E451D /* To_Do_Model.swift */; };
		E24B986F2AF6E3E6005E451D /* To_Do_ViewModel.swift in Sources */ = {isa = PBXBuildFile; fileRef = E24B986E2AF6E3E6005E451D /* To_Do_ViewModel.swift */; };
		E26455402AF66C780074DB5D /* To_Do_ListApp.swift in Sources */ = {isa = PBXBuildFile; fileRef = E264553F2AF66C780074DB5D /* To_Do_ListApp.swift */; };
		E26455422AF66C780074DB5D /* To_Do_ListView.swift in Sources */ = {isa = PBXBuildFile; fileRef = E26455412AF66C780074DB5D /* To_Do_ListView.swift */; };
		E26455442AF66C7B0074DB5D /* Assets.xcassets in Resources */ = {isa = PBXBuildFile; fileRef = E26455432AF66C7B0074DB5D /* Assets.xcassets */; };
		E26455472AF66C7B0074DB5D /* Preview Assets.xcassets in Resources */ = {isa = PBXBuildFile; fileRef = E26455462AF66C7B0074DB5D /* Preview Assets.xcassets */; };
		E26455512AF676910074DB5D /* DetailedView.swift in Sources */ = {isa = PBXBuildFile; fileRef = E26455502AF676910074DB5D /* DetailedView.swift */; };
/* End PBXBuildFile section */

/* Begin PBXFileReference section */
		E24B986C2AF6E1E1005E451D /* To_Do_Model.swift */ = {isa = PBXFileReference; lastKnownFileType = sourcecode.swift; path = To_Do_Model.swift; sourceTree = "<group>"; };
		E24B986E2AF6E3E6005E451D /* To_Do_ViewModel.swift */ = {isa = PBXFileReference; lastKnownFileType = sourcecode.swift; path = To_Do_ViewModel.swift; sourceTree = "<group>"; };
		E264553C2AF66C780074DB5D /* To-Do_List.app */ = {isa = PBXFileReference; explicitFileType = wrapper.application; includeInIndex = 0; path = "To-Do_List.app"; sourceTree = BUILT_PRODUCTS_DIR; };
		E264553F2AF66C780074DB5D /* To_Do_ListApp.swift */ = {isa = PBXFileReference; lastKnownFileType = sourcecode.swift; path = To_Do_ListApp.swift; sourceTree = "<group>"; };
		E26455412AF66C780074DB5D /* To_Do_ListView.swift */ = {isa = PBXFileReference; lastKnownFileType = sourcecode.swift; path = To_Do_ListView.swift; sourceTree = "<group>"; };
		E26455432AF66C7B0074DB5D /* Assets.xcassets */ = {isa = PBXFileReference; lastKnownFileType = folder.assetcatalog; path = Assets.xcassets; sourceTree = "<group>"; };
		E26455462AF66C7B0074DB5D /* Preview Assets.xcassets */ = {isa = PBXFileReference; lastKnownFileType = folder.assetcatalog; path = "Preview Assets.xcassets"; sourceTree = "<group>"; };
		E26455502AF676910074DB5D /* DetailedView.swift */ = {isa = PBXFileReference; lastKnownFileType = sourcecode.swift; path = DetailedView.swift; sourceTree = "<group>"; };
		E2B4BD392AF7581400067908 /* To-Do-List-Info.plist */ = {isa = PBXFileReference; lastKnownFileType = text.plist; path = "To-Do-List-Info.plist"; sourceTree = SOURCE_ROOT; };
/* End PBXFileReference section */

/* Begin PBXFrameworksBuildPhase section */
		E26455392AF66C780074DB5D /* Frameworks */ = {
			isa = PBXFrameworksBuildPhase;
			buildActionMask = 2147483647;
			files = (
			);
			runOnlyForDeploymentPostprocessing = 0;
		};
/* End PBXFrameworksBuildPhase section */

/* Begin PBXGroup section */
		E26455332AF66C780074DB5D = {
			isa = PBXGroup;
			children = (
				E264553E2AF66C780074DB5D /* To-Do_List */,
				E264553D2AF66C780074DB5D /* Products */,
			);
			sourceTree = "<group>";
		};
		E264553D2AF66C780074DB5D /* Products */ = {
			isa = PBXGroup;
			children = (
				E264553C2AF66C780074DB5D /* To-Do_List.app */,
			);
			name = Products;
			sourceTree = "<group>";
		};
		E264553E2AF66C780074DB5D /* To-Do_List */ = {
			isa = PBXGroup;
			children = (
				E2B4BD392AF7581400067908 /* To-Do-List-Info.plist */,
				E264553F2AF66C780074DB5D /* To_Do_ListApp.swift */,
				E264554E2AF676690074DB5D /* Model */,
				E264554D2AF6765F0074DB5D /* Views */,
				E264554F2AF676700074DB5D /* ViewModel */,
				E26455432AF66C7B0074DB5D /* Assets.xcassets */,
				E26455452AF66C7B0074DB5D /* Preview Content */,
			);
			path = "To-Do_List";
			sourceTree = "<group>";
		};
		E26455452AF66C7B0074DB5D /* Preview Content */ = {
			isa = PBXGroup;
			children = (
				E26455462AF66C7B0074DB5D /* Preview Assets.xcassets */,
			);
			path = "Preview Content";
			sourceTree = "<group>";
		};
		E264554D2AF6765F0074DB5D /* Views */ = {
			isa = PBXGroup;
			children = (
				E26455412AF66C780074DB5D /* To_Do_ListView.swift */,
				E26455502AF676910074DB5D /* DetailedView.swift */,
			);
			path = Views;
			sourceTree = "<group>";
		};
		E264554E2AF676690074DB5D /* Model */ = {
			isa = PBXGroup;
			children = (
				E24B986C2AF6E1E1005E451D /* To_Do_Model.swift */,
			);
			path = Model;
			sourceTree = "<group>";
		};
		E264554F2AF676700074DB5D /* ViewModel */ = {
			isa = PBXGroup;
			children = (
				E24B986E2AF6E3E6005E451D /* To_Do_ViewModel.swift */,
			);
			path = ViewModel;
			sourceTree = "<group>";
		};
/* End PBXGroup section */

/* Begin PBXNativeTarget section */
		E264553B2AF66C780074DB5D /* To-Do_List */ = {
			isa = PBXNativeTarget;
			buildConfigurationList = E264554A2AF66C7B0074DB5D /* Build configuration list for PBXNativeTarget "To-Do_List" */;
			buildPhases = (
				E26455382AF66C780074DB5D /* Sources */,
				E26455392AF66C780074DB5D /* Frameworks */,
				E264553A2AF66C780074DB5D /* Resources */,
			);
			buildRules = (
			);
			dependencies = (
			);
			name = "To-Do_List";
			productName = "To-Do_List";
			productReference = E264553C2AF66C780074DB5D /* To-Do_List.app */;
			productType = "com.apple.product-type.application";
		};
/* End PBXNativeTarget section */

/* Begin PBXProject section */
		E26455342AF66C780074DB5D /* Project object */ = {
			isa = PBXProject;
			attributes = {
				BuildIndependentTargetsInParallel = 1;
				LastSwiftUpdateCheck = 1500;
				LastUpgradeCheck = 1500;
				TargetAttributes = {
					E264553B2AF66C780074DB5D = {
						CreatedOnToolsVersion = 15.0;
					};
				};
			};
			buildConfigurationList = E26455372AF66C780074DB5D /* Build configuration list for PBXProject "To-Do_List" */;
			compatibilityVersion = "Xcode 14.0";
			developmentRegion = en;
			hasScannedForEncodings = 0;
			knownRegions = (
				en,
				Base,
			);
			mainGroup = E26455332AF66C780074DB5D;
			productRefGroup = E264553D2AF66C780074DB5D /* Products */;
			projectDirPath = "";
			projectRoot = "";
			targets = (
				E264553B2AF66C780074DB5D /* To-Do_List */,
			);
		};
/* End PBXProject section */

/* Begin PBXResourcesBuildPhase section */
		E264553A2AF66C780074DB5D /* Resources */ = {
			isa = PBXResourcesBuildPhase;
			buildActionMask = 2147483647;
			files = (
				E26455472AF66C7B0074DB5D /* Preview Assets.xcassets in Resources */,
				E26455442AF66C7B0074DB5D /* Assets.xcassets in Resources */,
			);
			runOnlyForDeploymentPostprocessing = 0;
		};
/* End PBXResourcesBuildPhase section */

/* Begin PBXSourcesBuildPhase section */
		E26455382AF66C780074DB5D /* Sources */ = {
			isa = PBXSourcesBuildPhase;
			buildActionMask = 2147483647;
			files = (
				E24B986F2AF6E3E6005E451D /* To_Do_ViewModel.swift in Sources */,
				E26455422AF66C780074DB5D /* To_Do_ListView.swift in Sources */,
				E24B986D2AF6E1E1005E451D /* To_Do_Model.swift in Sources */,
				E26455512AF676910074DB5D /* DetailedView.swift in Sources */,
				E26455402AF66C780074DB5D /* To_Do_ListApp.swift in Sources */,
			);
			runOnlyForDeploymentPostprocessing = 0;
		};
/* End PBXSourcesBuildPhase section */

/* Begin XCBuildConfiguration section */
		E26455482AF66C7B0074DB5D /* Debug */ = {
			isa = XCBuildConfiguration;
			buildSettings = {
				ALWAYS_SEARCH_USER_PATHS = NO;
				ASSETCATALOG_COMPILER_GENERATE_SWIFT_ASSET_SYMBOL_EXTENSIONS = YES;
				CLANG_ANALYZER_NONNULL = YES;
				CLANG_ANALYZER_NUMBER_OBJECT_CONVERSION = YES_AGGRESSIVE;
				CLANG_CXX_LANGUAGE_STANDARD = "gnu++20";
				CLANG_ENABLE_MODULES = YES;
				CLANG_ENABLE_OBJC_ARC = YES;
				CLANG_ENABLE_OBJC_WEAK = YES;
				CLANG_WARN_BLOCK_CAPTURE_AUTORELEASING = YES;
				CLANG_WARN_BOOL_CONVERSION = YES;
				CLANG_WARN_COMMA = YES;
				CLANG_WARN_CONSTANT_CONVERSION = YES;
				CLANG_WARN_DEPRECATED_OBJC_IMPLEMENTATIONS = YES;
				CLANG_WARN_DIRECT_OBJC_ISA_USAGE = YES_ERROR;
				CLANG_WARN_DOCUMENTATION_COMMENTS = YES;
				CLANG_WARN_EMPTY_BODY = YES;
				CLANG_WARN_ENUM_CONVERSION = YES;
				CLANG_WARN_INFINITE_RECURSION = YES;
				CLANG_WARN_INT_CONVERSION = YES;
				CLANG_WARN_NON_LITERAL_NULL_CONVERSION = YES;
				CLANG_WARN_OBJC_IMPLICIT_RETAIN_SELF = YES;
				CLANG_WARN_OBJC_LITERAL_CONVERSION = YES;
				CLANG_WARN_OBJC_ROOT_CLASS = YES_ERROR;
				CLANG_WARN_QUOTED_INCLUDE_IN_FRAMEWORK_HEADER = YES;
				CLANG_WARN_RANGE_LOOP_ANALYSIS = YES;
				CLANG_WARN_STRICT_PROTOTYPES = YES;
				CLANG_WARN_SUSPICIOUS_MOVE = YES;
				CLANG_WARN_UNGUARDED_AVAILABILITY = YES_AGGRESSIVE;
				CLANG_WARN_UNREACHABLE_CODE = YES;
				CLANG_WARN__DUPLICATE_METHOD_MATCH = YES;
				COPY_PHASE_STRIP = NO;
				DEBUG_INFORMATION_FORMAT = dwarf;
				ENABLE_STRICT_OBJC_MSGSEND = YES;
				ENABLE_TESTABILITY = YES;
				ENABLE_USER_SCRIPT_SANDBOXING = YES;
				GCC_C_LANGUAGE_STANDARD = gnu17;
				GCC_DYNAMIC_NO_PIC = NO;
				GCC_NO_COMMON_BLOCKS = YES;
				GCC_OPTIMIZATION_LEVEL = 0;
				GCC_PREPROCESSOR_DEFINITIONS = (
					"DEBUG=1",
					"$(inherited)",
				);
				GCC_WARN_64_TO_32_BIT_CONVERSION = YES;
				GCC_WARN_ABOUT_RETURN_TYPE = YES_ERROR;
				GCC_WARN_UNDECLARED_SELECTOR = YES;
				GCC_WARN_UNINITIALIZED_AUTOS = YES_AGGRESSIVE;
				GCC_WARN_UNUSED_FUNCTION = YES;
				GCC_WARN_UNUSED_VARIABLE = YES;
				IPHONEOS_DEPLOYMENT_TARGET = 17.0;
				LOCALIZATION_PREFERS_STRING_CATALOGS = YES;
				MTL_ENABLE_DEBUG_INFO = INCLUDE_SOURCE;
				MTL_FAST_MATH = YES;
				ONLY_ACTIVE_ARCH = YES;
				SDKROOT = iphoneos;
				SWIFT_ACTIVE_COMPILATION_CONDITIONS = "DEBUG $(inherited)";
				SWIFT_OPTIMIZATION_LEVEL = "-Onone";
			};
			name = Debug;
		};
		E26455492AF66C7B0074DB5D /* Release */ = {
			isa = XCBuildConfiguration;
			buildSettings = {
				ALWAYS_SEARCH_USER_PATHS = NO;
				ASSETCATALOG_COMPILER_GENERATE_SWIFT_ASSET_SYMBOL_EXTENSIONS = YES;
				CLANG_ANALYZER_NONNULL = YES;
				CLANG_ANALYZER_NUMBER_OBJECT_CONVERSION = YES_AGGRESSIVE;
				CLANG_CXX_LANGUAGE_STANDARD = "gnu++20";
				CLANG_ENABLE_MODULES = YES;
				CLANG_ENABLE_OBJC_ARC = YES;
				CLANG_ENABLE_OBJC_WEAK = YES;
				CLANG_WARN_BLOCK_CAPTURE_AUTORELEASING = YES;
				CLANG_WARN_BOOL_CONVERSION = YES;
				CLANG_WARN_COMMA = YES;
				CLANG_WARN_CONSTANT_CONVERSION = YES;
				CLANG_WARN_DEPRECATED_OBJC_IMPLEMENTATIONS = YES;
				CLANG_WARN_DIRECT_OBJC_ISA_USAGE = YES_ERROR;
				CLANG_WARN_DOCUMENTATION_COMMENTS = YES;
				CLANG_WARN_EMPTY_BODY = YES;
				CLANG_WARN_ENUM_CONVERSION = YES;
				CLANG_WARN_INFINITE_RECURSION = YES;
				CLANG_WARN_INT_CONVERSION = YES;
				CLANG_WARN_NON_LITERAL_NULL_CONVERSION = YES;
				CLANG_WARN_OBJC_IMPLICIT_RETAIN_SELF = YES;
				CLANG_WARN_OBJC_LITERAL_CONVERSION = YES;
				CLANG_WARN_OBJC_ROOT_CLASS = YES_ERROR;
				CLANG_WARN_QUOTED_INCLUDE_IN_FRAMEWORK_HEADER = YES;
				CLANG_WARN_RANGE_LOOP_ANALYSIS = YES;
				CLANG_WARN_STRICT_PROTOTYPES = YES;
				CLANG_WARN_SUSPICIOUS_MOVE = YES;
				CLANG_WARN_UNGUARDED_AVAILABILITY = YES_AGGRESSIVE;
				CLANG_WARN_UNREACHABLE_CODE = YES;
				CLANG_WARN__DUPLICATE_METHOD_MATCH = YES;
				COPY_PHASE_STRIP = NO;
				DEBUG_INFORMATION_FORMAT = "dwarf-with-dsym";
				ENABLE_NS_ASSERTIONS = NO;
				ENABLE_STRICT_OBJC_MSGSEND = YES;
				ENABLE_USER_SCRIPT_SANDBOXING = YES;
				GCC_C_LANGUAGE_STANDARD = gnu17;
				GCC_NO_COMMON_BLOCKS = YES;
				GCC_WARN_64_TO_32_BIT_CONVERSION = YES;
				GCC_WARN_ABOUT_RETURN_TYPE = YES_ERROR;
				GCC_WARN_UNDECLARED_SELECTOR = YES;
				GCC_WARN_UNINITIALIZED_AUTOS = YES_AGGRESSIVE;
				GCC_WARN_UNUSED_FUNCTION = YES;
				GCC_WARN_UNUSED_VARIABLE = YES;
				IPHONEOS_DEPLOYMENT_TARGET = 17.0;
				LOCALIZATION_PREFERS_STRING_CATALOGS = YES;
				MTL_ENABLE_DEBUG_INFO = NO;
				MTL_FAST_MATH = YES;
				SDKROOT = iphoneos;
				SWIFT_COMPILATION_MODE = wholemodule;
				VALIDATE_PRODUCT = YES;
			};
			name = Release;
		};
		E264554B2AF66C7B0074DB5D /* Debug */ = {
			isa = XCBuildConfiguration;
			buildSettings = {
				ASSETCATALOG_COMPILER_APPICON_NAME = AppIcon;
				ASSETCATALOG_COMPILER_GLOBAL_ACCENT_COLOR_NAME = AccentColor;
				ASSETCATALOG_COMPILER_INCLUDE_ALL_APPICON_ASSETS = YES;
				CODE_SIGN_IDENTITY = "Apple Development";
				CODE_SIGN_STYLE = Automatic;
				CURRENT_PROJECT_VERSION = 1;
				DEVELOPMENT_ASSET_PATHS = "\"To-Do_List/Preview Content\"";
				DEVELOPMENT_TEAM = Q4YS55FQ72;
				ENABLE_PREVIEWS = YES;
				GENERATE_INFOPLIST_FILE = YES;
				INFOPLIST_FILE = "To-Do-List-Info.plist";
				INFOPLIST_KEY_LSApplicationCategoryType = "public.app-category.productivity";
				INFOPLIST_KEY_UIApplicationSceneManifest_Generation = YES;
				INFOPLIST_KEY_UIApplicationSupportsIndirectInputEvents = YES;
				INFOPLIST_KEY_UILaunchStoryboardName = "";
				INFOPLIST_KEY_UISupportedInterfaceOrientations_iPad = "UIInterfaceOrientationPortrait UIInterfaceOrientationPortraitUpsideDown UIInterfaceOrientationLandscapeLeft UIInterfaceOrientationLandscapeRight";
				INFOPLIST_KEY_UISupportedInterfaceOrientations_iPhone = "UIInterfaceOrientationPortrait UIInterfaceOrientationLandscapeLeft UIInterfaceOrientationLandscapeRight";
				LD_RUNPATH_SEARCH_PATHS = (
					"$(inherited)",
					"@executable_path/Frameworks",
				);
				MARKETING_VERSION = 1.0;
				PRODUCT_BUNDLE_IDENTIFIER = "com.chiragarora.To-Do-List";
				PRODUCT_NAME = "$(TARGET_NAME)";
				PROVISIONING_PROFILE_SPECIFIER = "";
				SWIFT_EMIT_LOC_STRINGS = YES;
				SWIFT_VERSION = 5.0;
				TARGETED_DEVICE_FAMILY = "1,2";
			};
			name = Debug;
		};
		E264554C2AF66C7B0074DB5D /* Release */ = {
			isa = XCBuildConfiguration;
			buildSettings = {
				ASSETCATALOG_COMPILER_APPICON_NAME = AppIcon;
				ASSETCATALOG_COMPILER_GLOBAL_ACCENT_COLOR_NAME = AccentColor;
				ASSETCATALOG_COMPILER_INCLUDE_ALL_APPICON_ASSETS = YES;
				CODE_SIGN_IDENTITY = "Apple Development";
				CODE_SIGN_STYLE = Automatic;
				CURRENT_PROJECT_VERSION = 1;
				DEVELOPMENT_ASSET_PATHS = "\"To-Do_List/Preview Content\"";
				DEVELOPMENT_TEAM = Q4YS55FQ72;
				ENABLE_PREVIEWS = YES;
				GENERATE_INFOPLIST_FILE = YES;
				INFOPLIST_FILE = "To-Do-List-Info.plist";
				INFOPLIST_KEY_LSApplicationCategoryType = "public.app-category.productivity";
				INFOPLIST_KEY_UIApplicationSceneManifest_Generation = YES;
				INFOPLIST_KEY_UIApplicationSupportsIndirectInputEvents = YES;
				INFOPLIST_KEY_UILaunchStoryboardName = "";
				INFOPLIST_KEY_UISupportedInterfaceOrientations_iPad = "UIInterfaceOrientationPortrait UIInterfaceOrientationPortraitUpsideDown UIInterfaceOrientationLandscapeLeft UIInterfaceOrientationLandscapeRight";
				INFOPLIST_KEY_UISupportedInterfaceOrientations_iPhone = "UIInterfaceOrientationPortrait UIInterfaceOrientationLandscapeLeft UIInterfaceOrientationLandscapeRight";
				LD_RUNPATH_SEARCH_PATHS = (
					"$(inherited)",
					"@executable_path/Frameworks",
				);
				MARKETING_VERSION = 1.0;
				PRODUCT_BUNDLE_IDENTIFIER = "com.chiragarora.To-Do-List";
				PRODUCT_NAME = "$(TARGET_NAME)";
				PROVISIONING_PROFILE_SPECIFIER = "";
				SWIFT_EMIT_LOC_STRINGS = YES;
				SWIFT_VERSION = 5.0;
				TARGETED_DEVICE_FAMILY = "1,2";
			};
			name = Release;
		};
/* End XCBuildConfiguration section */

/* Begin XCConfigurationList section */
		E26455372AF66C780074DB5D /* Build configuration list for PBXProject "To-Do_List" */ = {
			isa = XCConfigurationList;
			buildConfigurations = (
				E26455482AF66C7B0074DB5D /* Debug */,
				E26455492AF66C7B0074DB5D /* Release */,
			);
			defaultConfigurationIsVisible = 0;
			defaultConfigurationName = Release;
		};
		E264554A2AF66C7B0074DB5D /* Build configuration list for PBXNativeTarget "To-Do_List" */ = {
			isa = XCConfigurationList;
			buildConfigurations = (
				E264554B2AF66C7B0074DB5D /* Debug */,
				E264554C2AF66C7B0074DB5D /* Release */,
			);
			defaultConfigurationIsVisible = 0;
			defaultConfigurationName = Release;
		};
/* End XCConfigurationList section */
	};
	rootObject = E26455342AF66C780074DB5D /* Project object */;
}
